
Microsoft Visual Studio Solution File, Format Version 12.00
Project("{FAE04EC0-301F-11D3-BF4B-00C04F79EFBC}") = "AProduct.Web", "AProduct.Web\AProduct.Web.csproj", "{5E09C884-3D38-420C-BCDF-6F5F5B05FA82}"
EndProject
Project("{FAE04EC0-301F-11D3-BF4B-00C04F79EFBC}") = "AProduct.Test", "AProduct.Test\AProduct.Test.csproj", "{55363A5C-9B9E-489E-B215-DC5ECE8EF6B2}"
EndProject
Global
	GlobalSection(SolutionConfigurationPlatforms) = preSolution
		Debug|Any CPU = Debug|Any CPU
		Release|Any CPU = Release|Any CPU
	EndGlobalSection
	GlobalSection(ProjectConfigurationPlatforms) = postSolution
		{5E09C884-3D38-420C-BCDF-6F5F5B05FA82}.Debug|Any CPU.ActiveCfg = Debug|Any CPU
		{5E09C884-3D38-420C-BCDF-6F5F5B05FA82}.Debug|Any CPU.Build.0 = Debug|Any CPU
		{5E09C884-3D38-420C-BCDF-6F5F5B05FA82}.Release|Any CPU.ActiveCfg = Release|Any CPU
		{5E09C884-3D38-420C-BCDF-6F5F5B05FA82}.Release|Any CPU.Build.0 = Release|Any CPU
		{55363A5C-9B9E-489E-B215-DC5ECE8EF6B2}.Debug|Any CPU.ActiveCfg = Debug|Any CPU
		{55363A5C-9B9E-489E-B215-DC5ECE8EF6B2}.Debug|Any CPU.Build.0 = Debug|Any CPU
		{55363A5C-9B9E-489E-B215-DC5ECE8EF6B2}.Release|Any CPU.ActiveCfg = Release|Any CPU
		{55363A5C-9B9E-489E-B215-DC5ECE8EF6B2}.Release|Any CPU.Build.0 = Release|Any CPU
	EndGlobalSection
EndGlobal
